
Microsoft Visual Studio Solution File, Format Version 12.00
# Visual Studio Version 17
VisualStudioVersion = 17.12.35707.178
MinimumVisualStudioVersion = 10.0.40219.1
Project("{FAE04EC0-301F-11D3-BF4B-00C04F79EFBC}") = "my_echo", "my_echo.csproj", "{3B6A284A-1241-4BB8-B19C-F3C0628178BA}"
EndProject
Project("{FAE04EC0-301F-11D3-BF4B-00C04F79EFBC}") = "my_echo.Tests", "..\my_echo.Tests\my_echo.Tests.csproj", "{4B362280-2817-4853-BA81-0594DAAEFA1F}"
EndProject
Global
	GlobalSection(SolutionConfigurationPlatforms) = preSolution
		Debug|Any CPU = Debug|Any CPU
		Release|Any CPU = Release|Any CPU
	EndGlobalSection
	GlobalSection(ProjectConfigurationPlatforms) = postSolution
		{3B6A284A-1241-4BB8-B19C-F3C0628178BA}.Debug|Any CPU.ActiveCfg = Debug|Any CPU
		{3B6A284A-1241-4BB8-B19C-F3C0628178BA}.Debug|Any CPU.Build.0 = Debug|Any CPU
		{3B6A284A-1241-4BB8-B19C-F3C0628178BA}.Release|Any CPU.ActiveCfg = Release|Any CPU
		{3B6A284A-1241-4BB8-B19C-F3C0628178BA}.Release|Any CPU.Build.0 = Release|Any CPU
		{4B362280-2817-4853-BA81-0594DAAEFA1F}.Debug|Any CPU.ActiveCfg = Debug|Any CPU
		{4B362280-2817-4853-BA81-0594DAAEFA1F}.Debug|Any CPU.Build.0 = Debug|Any CPU
		{4B362280-2817-4853-BA81-0594DAAEFA1F}.Release|Any CPU.ActiveCfg = Release|Any CPU
		{4B362280-2817-4853-BA81-0594DAAEFA1F}.Release|Any CPU.Build.0 = Release|Any CPU
	EndGlobalSection
	GlobalSection(SolutionProperties) = preSolution
		HideSolutionNode = FALSE
	EndGlobalSection
EndGlobal
